
Microsoft Visual Studio Solution File, Format Version 12.00
# Visual Studio Version 18
VisualStudioVersion = 18.2.11415.280 d18.0
MinimumVisualStudioVersion = 10.0.40219.1
Project("{FAE04EC0-301F-11D3-BF4B-00C04F79EFBC}") = "VillaAgency", "VillaAgency.csproj", "{09C4C2C9-7CFD-75E6-E364-C6208FECB253}"
EndProject
Global
	GlobalSection(SolutionConfigurationPlatforms) = preSolution
		Debug|Any CPU = Debug|Any CPU
		Release|Any CPU = Release|Any CPU
	EndGlobalSection
	GlobalSection(ProjectConfigurationPlatforms) = postSolution
		{09C4C2C9-7CFD-75E6-E364-C6208FECB253}.Debug|Any CPU.ActiveCfg = Debug|Any CPU
		{09C4C2C9-7CFD-75E6-E364-C6208FECB253}.Debug|Any CPU.Build.0 = Debug|Any CPU
		{09C4C2C9-7CFD-75E6-E364-C6208FECB253}.Release|Any CPU.ActiveCfg = Release|Any CPU
		{09C4C2C9-7CFD-75E6-E364-C6208FECB253}.Release|Any CPU.Build.0 = Release|Any CPU
	EndGlobalSection
	GlobalSection(SolutionProperties) = preSolution
		HideSolutionNode = FALSE
	EndGlobalSection
	GlobalSection(ExtensibilityGlobals) = postSolution
		SolutionGuid = {F41C8C8A-63DD-4E4D-A38C-C05FF059923F}
	EndGlobalSection
EndGlobal
